
Microsoft Visual Studio Solution File, Format Version 12.00
# Visual Studio Version 16
VisualStudioVersion = 16.0.28606.126
MinimumVisualStudioVersion = 10.0.40219.1
Project("{FAE04EC0-301F-11D3-BF4B-00C04F79EFBC}") = "PathViewer", "PathViewer\PathViewer.csproj", "{7A39338E-C3ED-4ACD-B2E8-BC68A92BEF61}"
	ProjectSection(ProjectDependencies) = postProject
		{1835BF68-80B9-40F9-AE16-FEBA48DC8191} = {1835BF68-80B9-40F9-AE16-FEBA48DC8191}
	EndProjectSection
EndProject
Project("{2150E333-8FDC-42A3-9474-1A3956D46DE8}") = "Solution Items", "Solution Items", "{2CB32A66-08D5-4E6D-BE21-52050128B13D}"
	ProjectSection(SolutionItems) = preProject
		PathViewer\TODO.txt = PathViewer\TODO.txt
	EndProjectSection
EndProject
Project("{9A19103F-16F7-4668-BE54-9A1E7A4F7556}") = "CheesyPoofsGenerator", "CheesyPoofsGenerator\CheesyPoofsGenerator.csproj", "{AA46E9F4-4393-497F-88CE-F9C90E1CD95E}"
EndProject
Project("{8BC9CEB8-8B4A-11D0-8D11-00A0C91BC942}") = "CheesyGen", "CheesyGen\CheesyGen.vcxproj", "{1835BF68-80B9-40F9-AE16-FEBA48DC8191}"
EndProject
Project("{FAE04EC0-301F-11D3-BF4B-00C04F79EFBC}") = "PathFinderV1", "PathFinderV1\PathFinderV1.csproj", "{D50F9183-73D6-4053-905B-AD5F88640DB3}"
EndProject
Global
	GlobalSection(SolutionConfigurationPlatforms) = preSolution
		Debug|Any CPU = Debug|Any CPU
		Debug|x64 = Debug|x64
		Debug|x86 = Debug|x86
		Release|Any CPU = Release|Any CPU
		Release|x64 = Release|x64
		Release|x86 = Release|x86
	EndGlobalSection
	GlobalSection(ProjectConfigurationPlatforms) = postSolution
		{7A39338E-C3ED-4ACD-B2E8-BC68A92BEF61}.Debug|Any CPU.ActiveCfg = Debug|Any CPU
		{7A39338E-C3ED-4ACD-B2E8-BC68A92BEF61}.Debug|Any CPU.Build.0 = Debug|Any CPU
		{7A39338E-C3ED-4ACD-B2E8-BC68A92BEF61}.Debug|x64.ActiveCfg = Debug|Any CPU
		{7A39338E-C3ED-4ACD-B2E8-BC68A92BEF61}.Debug|x64.Build.0 = Debug|Any CPU
		{7A39338E-C3ED-4ACD-B2E8-BC68A92BEF61}.Debug|x86.ActiveCfg = Debug|Any CPU
		{7A39338E-C3ED-4ACD-B2E8-BC68A92BEF61}.Debug|x86.Build.0 = Debug|Any CPU
		{7A39338E-C3ED-4ACD-B2E8-BC68A92BEF61}.Release|Any CPU.ActiveCfg = Release|Any CPU
		{7A39338E-C3ED-4ACD-B2E8-BC68A92BEF61}.Release|Any CPU.Build.0 = Release|Any CPU
		{7A39338E-C3ED-4ACD-B2E8-BC68A92BEF61}.Release|x64.ActiveCfg = Release|Any CPU
		{7A39338E-C3ED-4ACD-B2E8-BC68A92BEF61}.Release|x64.Build.0 = Release|Any CPU
		{7A39338E-C3ED-4ACD-B2E8-BC68A92BEF61}.Release|x86.ActiveCfg = Release|Any CPU
		{7A39338E-C3ED-4ACD-B2E8-BC68A92BEF61}.Release|x86.Build.0 = Release|Any CPU
		{AA46E9F4-4393-497F-88CE-F9C90E1CD95E}.Debug|Any CPU.ActiveCfg = Debug|Any CPU
		{AA46E9F4-4393-497F-88CE-F9C90E1CD95E}.Debug|Any CPU.Build.0 = Debug|Any CPU
		{AA46E9F4-4393-497F-88CE-F9C90E1CD95E}.Debug|x64.ActiveCfg = Debug|Any CPU
		{AA46E9F4-4393-497F-88CE-F9C90E1CD95E}.Debug|x64.Build.0 = Debug|Any CPU
		{AA46E9F4-4393-497F-88CE-F9C90E1CD95E}.Debug|x86.ActiveCfg = Debug|Any CPU
		{AA46E9F4-4393-497F-88CE-F9C90E1CD95E}.Debug|x86.Build.0 = Debug|Any CPU
		{AA46E9F4-4393-497F-88CE-F9C90E1CD95E}.Release|Any CPU.ActiveCfg = Release|Any CPU
		{AA46E9F4-4393-497F-88CE-F9C90E1CD95E}.Release|Any CPU.Build.0 = Release|Any CPU
		{AA46E9F4-4393-497F-88CE-F9C90E1CD95E}.Release|x64.ActiveCfg = Release|Any CPU
		{AA46E9F4-4393-497F-88CE-F9C90E1CD95E}.Release|x64.Build.0 = Release|Any CPU
		{AA46E9F4-4393-497F-88CE-F9C90E1CD95E}.Release|x86.ActiveCfg = Release|Any CPU
		{AA46E9F4-4393-497F-88CE-F9C90E1CD95E}.Release|x86.Build.0 = Release|Any CPU
		{1835BF68-80B9-40F9-AE16-FEBA48DC8191}.Debug|Any CPU.ActiveCfg = Debug|Win32
		{1835BF68-80B9-40F9-AE16-FEBA48DC8191}.Debug|x64.ActiveCfg = Debug|x64
		{1835BF68-80B9-40F9-AE16-FEBA48DC8191}.Debug|x64.Build.0 = Debug|x64
		{1835BF68-80B9-40F9-AE16-FEBA48DC8191}.Debug|x86.ActiveCfg = Debug|Win32
		{1835BF68-80B9-40F9-AE16-FEBA48DC8191}.Debug|x86.Build.0 = Debug|Win32
		{1835BF68-80B9-40F9-AE16-FEBA48DC8191}.Release|Any CPU.ActiveCfg = Release|Win32
		{1835BF68-80B9-40F9-AE16-FEBA48DC8191}.Release|x64.ActiveCfg = Release|x64
		{1835BF68-80B9-40F9-AE16-FEBA48DC8191}.Release|x64.Build.0 = Release|x64
		{1835BF68-80B9-40F9-AE16-FEBA48DC8191}.Release|x86.ActiveCfg = Release|Win32
		{1835BF68-80B9-40F9-AE16-FEBA48DC8191}.Release|x86.Build.0 = Release|Win32
		{D50F9183-73D6-4053-905B-AD5F88640DB3}.Debug|Any CPU.ActiveCfg = Debug|Any CPU
		{D50F9183-73D6-4053-905B-AD5F88640DB3}.Debug|Any CPU.Build.0 = Debug|Any CPU
		{D50F9183-73D6-4053-905B-AD5F88640DB3}.Debug|x64.ActiveCfg = Debug|Any CPU
		{D50F9183-73D6-4053-905B-AD5F88640DB3}.Debug|x64.Build.0 = Debug|Any CPU
		{D50F9183-73D6-4053-905B-AD5F88640DB3}.Debug|x86.ActiveCfg = Debug|Any CPU
		{D50F9183-73D6-4053-905B-AD5F88640DB3}.Debug|x86.Build.0 = Debug|Any CPU
		{D50F9183-73D6-4053-905B-AD5F88640DB3}.Release|Any CPU.ActiveCfg = Release|Any CPU
		{D50F9183-73D6-4053-905B-AD5F88640DB3}.Release|Any CPU.Build.0 = Release|Any CPU
		{D50F9183-73D6-4053-905B-AD5F88640DB3}.Release|x64.ActiveCfg = Release|Any CPU
		{D50F9183-73D6-4053-905B-AD5F88640DB3}.Release|x64.Build.0 = Release|Any CPU
		{D50F9183-73D6-4053-905B-AD5F88640DB3}.Release|x86.ActiveCfg = Release|Any CPU
		{D50F9183-73D6-4053-905B-AD5F88640DB3}.Release|x86.Build.0 = Release|Any CPU
	EndGlobalSection
	GlobalSection(SolutionProperties) = preSolution
		HideSolutionNode = FALSE
	EndGlobalSection
	GlobalSection(ExtensibilityGlobals) = postSolution
		SolutionGuid = {6AE5669C-FAAF-4ADD-B47E-8E474EAD39F5}
	EndGlobalSection
EndGlobal
